{
  "name": "hello-world",
  "version": "1.33.0",
  "lockfileVersion": 1,
  "requires": true,
  "dependencies": {
    "@hapi/address": {
      "version": "1.0.1",
      "resolved": "https://registry.npmjs.org/@hapi/address/-/address-1.0.1.tgz",
      "integrity": "sha512-Z7nz/NjPN7nqVe9plLg7yjmKTfde3jf/6ytcNIXPVrWzzm3H/QnIHYbVQEoMtqWcxmfblOkAxF9TPpTRaCim8g=="
    },
    "accept": {
      "version": "2.2.3",
      "resolved": "https://registry.npmjs.org/accept/-/accept-2.2.3.tgz",
      "integrity": "sha512-pMkj+nqlFiHcUCMjeD7uFike4Mu/RydyAF8txYHzGxRYLDFFIEcUNDFf1PuLdNe8PasxjMLMu7L6GslWq9D4jA==",
      "requires": {
        "boom": "5.x.x",
        "hoek": "4.x.x"
      }
    },
    "ammo": {
      "version": "2.1.2",
      "resolved": "https://registry.npmjs.org/ammo/-/ammo-2.1.2.tgz",
      "integrity": "sha512-QEKsmw9OpwlsFufYgbaG3WmhfQqYED0l7lIO1ly2K532a+YtzkYUSIlyuJO7BuR7J1gjz5tZEEVOutncJqbceQ==",
      "requires": {
        "boom": "5.x.x",
        "hoek": "4.x.x"
      }
    },
    "b64": {
      "version": "3.1.1",
      "resolved": "https://registry.npmjs.org/b64/-/b64-3.1.1.tgz",
      "integrity": "sha512-NVOjBBqM/gDDIZj0qkZAmNz6ZlfS1pYyD+sDyNlDTXf3o/3KgpfCJFwXXCBoBKUCKvl6fg+zXPzkGSN43RsDAg=="
    },
    "boom": {
      "version": "5.3.3",
      "resolved": "https://registry.npmjs.org/boom/-/boom-5.3.3.tgz",
      "integrity": "sha512-UdzFI5w5zxU56pCAhV1ToNnYh7TxO7R0cp1X0qLrjyCJHJNYWos8XMtIx4LLXwfPHbPV1E3FD0kxA6od98P7ng==",
      "requires": {
        "hoek": "4.x.x"
      }
    },
    "bourne": {
      "version": "1.3.3",
      "resolved": "https://registry.npmjs.org/bourne/-/bourne-1.3.3.tgz",
      "integrity": "sha512-6K4uuAlRGcorC6aV2Y1rypeQ17grx4XKyVyG6NA963PwRfxyievy0CDXtiSBPKvIc7OTpcJRT86X3mU7j5Zp9A=="
    },
    "call": {
      "version": "4.1.2",
      "resolved": "https://registry.npmjs.org/call/-/call-4.1.2.tgz",
      "integrity": "sha512-FJzkLifeAgOk85Fl8Yeg1AVRZRI5lwbLMU5VRgtbz7Qo/ERHKZ9tPOIrlzpybE4NXZpasa1SrOvu7Uw3rF21MQ==",
      "requires": {
        "boom": "5.x.x",
        "hoek": "4.x.x"
      }
    },
    "catbox": {
      "version": "7.2.1",
      "resolved": "https://registry.npmjs.org/catbox/-/catbox-7.2.1.tgz",
      "integrity": "sha512-YolHs+g7qhC6DR6SBDAhZQDouJHKV/L8w02CbEI/tuK9GyU9HDN9BaiwVn9Ntp3q00mwpFRDx7oRt2zA87cvnw==",
      "requires": {
        "boom": "5.x.x",
        "hoek": "4.x.x",
        "joi": "12.x.x"
      }
    },
    "catbox-memory": {
      "version": "2.1.1",
      "resolved": "https://registry.npmjs.org/catbox-memory/-/catbox-memory-2.1.1.tgz",
      "integrity": "sha512-vXRE/10oAbPVlV67lpq9nXARZY8iV6dPWB7mntF6iOavI7Yjz9Y15+UJW5q6tyriq+PP4KMaz9AT2zZM5B/xvw==",
      "requires": {
        "hoek": "4.x.x"
      }
    },
    "content": {
      "version": "3.1.2",
      "resolved": "https://registry.npmjs.org/content/-/content-3.1.2.tgz",
      "integrity": "sha512-9VK/X3LnMrGQBOLQGxu3wYP7sqaqKXbvDxwkvINJoXSjKwiJiV/Yed5tu0dfFFqiKdSeOx10TLro1+dASqS0ug==",
      "requires": {
        "boom": "5.x.x"
      }
    },
    "cryptiles": {
      "version": "3.2.1",
      "resolved": "https://registry.npmjs.org/cryptiles/-/cryptiles-3.2.1.tgz",
      "integrity": "sha512-eeYcSehTunKcMIspjiIzRI+dk447ncZXlHNRPUKQxvC6y9MvsELVnA1bbMdUgrY9KsVT1weZTcfPxSoafUTkYQ==",
      "requires": {
        "boom": "5.x.x"
      }
    },
    "hapi": {
      "version": "16.8.4",
      "resolved": "https://registry.npmjs.org/hapi/-/hapi-16.8.4.tgz",
      "integrity": "sha512-RgCMsfky01mGOfP/g6DStL1HEkhD9LVqIgddPvoE97VYUeE1zxFktNMPGjReZMTOxY0+uL7AB2gwPRguXuAprA==",
      "requires": {
        "accept": "^2.2.2",
        "ammo": "^2.1.1",
        "boom": "^5.3.1",
        "call": "^4.1.1",
        "catbox": "^7.2.0",
        "catbox-memory": "^2.1.0",
        "cryptiles": "^3.2.0",
        "heavy": "^4.1.0",
        "hoek": "^4.3.0",
        "iron": "^4.1.0",
        "items": "^2.2.0",
        "joi": "^12.1.0",
        "mimos": "^3.1.0",
        "podium": "^1.4.0",
        "shot": "^3.5.1",
        "somever": "^1.1.0",
        "statehood": "^5.1.0",
        "subtext": "^5.1.2",
        "topo": "^2.1.0"
      }
    },
    "heavy": {
      "version": "4.1.1",
      "resolved": "https://registry.npmjs.org/heavy/-/heavy-4.1.1.tgz",
      "integrity": "sha512-MC5eazBwUT9m8/UOWeiT0dnjEsEk3Mm2ALBPTYFIfXxhRKCOSBbAeSXrt975q+p/Fu1A5/1QyETo7M8VdJ10Pw==",
      "requires": {
        "boom": "5.x.x",
        "hoek": "4.x.x",
        "joi": "12.x.x"
      }
    },
    "hoek": {
      "version": "4.3.1",
      "resolved": "https://registry.npmjs.org/hoek/-/hoek-4.3.1.tgz",
      "integrity": "sha512-v7E+yIjcHECn973i0xHm4kJkEpv3C8sbYS4344WXbzYqRyiDD7rjnnKo4hsJkejQBAFdRMUGNHySeSPKSH9Rqw=="
    },
    "iron": {
      "version": "4.1.1",
      "resolved": "https://registry.npmjs.org/iron/-/iron-4.1.1.tgz",
      "integrity": "sha512-AzAl1W6zDQ477NYsYXqR/q7RxT84j0Opif6wG3FST2sY7VEGyFfczsiezW9n3WQtfdBYQnRm2gQaiLGut4wXhQ==",
      "requires": {
        "boom": "5.x.x",
        "cryptiles": "3.x.x",
        "hoek": "4.x.x"
      }
    },
    "items": {
      "version": "2.2.1",
      "resolved": "https://registry.npmjs.org/items/-/items-2.2.1.tgz",
      "integrity": "sha512-4nzts/gjePMkwiCuw0GzvJNNvbsfDsgZNC+AFNu4llNZmh49MSTaMR7PMIbEnGo9zRQFAcjrgrsU3F0hI3UJyA=="
    },
    "joi": {
      "version": "12.1.1",
      "resolved": "https://registry.npmjs.org/joi/-/joi-12.1.1.tgz",
      "integrity": "sha512-Gh3iTjGLqGmQKTDuMFfsV7zT4uHtckqtrp88VFOc89V/sNtshOlAAtEkMM8TxJqRt1Cei00Hlh6/Bp7WjcqEEg==",
      "requires": {
        "@hapi/address": "1.x.x",
        "hoek": "4.x.x",
        "topo": "2.x.x"
      }
    },
    "mime-db": {
      "version": "1.52.0",
      "resolved": "https://registry.npmjs.org/mime-db/-/mime-db-1.52.0.tgz",
      "integrity": "sha512-sPU4uV7dYlvtWJxwwxHD0PuihVNiE7TyAbQ5SWxDCB9mUYvOgroQOwYQQOKPJ8CIbE+1ETVlOoK1UC2nU3gYvg=="
    },
    "mimos": {
      "version": "3.1.1",
      "resolved": "https://registry.npmjs.org/mimos/-/mimos-3.1.1.tgz",
      "integrity": "sha512-ecKqa0JwW4P5FS87LlWd9eZgmQmZNd8q0Vg21az8fstFRWqUSjYWdWv2G+86X9TuvlFqMj2cfsnYCD3IGX/tYw==",
      "requires": {
        "hoek": "4.x.x",
        "mime-db": "1.x.x"
      }
    },
    "nigel": {
      "version": "2.1.1",
      "resolved": "https://registry.npmjs.org/nigel/-/nigel-2.1.1.tgz",
      "integrity": "sha512-adIkB959+yZi1jzV6z3lDnB5iQcb/hxolEQuQv218FKj5Ijag7iUZrKj1Uir+Zea5cXgZLV/p8xTrk2wVoWG+w==",
      "requires": {
        "hoek": "4.x.x",
        "vise": "2.x.x"
      }
    },
    "pez": {
      "version": "2.2.2",
      "resolved": "https://registry.npmjs.org/pez/-/pez-2.2.2.tgz",
      "integrity": "sha512-KnxBjWlPrNn7rAwLdyHXo/ZdP8D5c+8yevqJXCXRwWX+SZ6E07e5lPXFOYK3df700cAQaBv9tcWfuRL5OxQwew==",
      "requires": {
        "b64": "3.x.x",
        "boom": "5.x.x",
        "content": "^3.1.1",
        "hoek": "4.x.x",
        "nigel": "2.x.x"
      }
    },
    "podium": {
      "version": "1.4.1",
      "resolved": "https://registry.npmjs.org/podium/-/podium-1.4.1.tgz",
      "integrity": "sha512-7MrN8iC+Ldy3sh4nZoKxw0A7wIremCxLvJjMOEqoJA2bk3jeKhAgoLlVcLYI27CrQgTISAW/b+T0SkswZs1rEg==",
      "requires": {
        "hoek": "4.x.x",
        "items": "2.x.x",
        "joi": "12.x.x"
      }
    },
    "shot": {
      "version": "3.5.2",
      "resolved": "https://registry.npmjs.org/shot/-/shot-3.5.2.tgz",
      "integrity": "sha512-5IBT7mmyi2XWGh0qY2zH8bixmWPuPVG5QtWDm9dt2pxEufA3t4MUA99ZIdG3e4RdcVLeg2fZvoh+8R8qg1m6BQ==",
      "requires": {
        "hoek": "4.x.x",
        "joi": "12.x.x"
      }
    },
    "somever": {
      "version": "1.1.1",
      "resolved": "https://registry.npmjs.org/somever/-/somever-1.1.1.tgz",
      "integrity": "sha512-f3Yfn4euB50y/PRfsEccIhLzC8lEcmqwvJHQ/D75skpCP7pPp884XLhx3QKUV08/KPId30Xi7E4xX9IBdBrr+A==",
      "requires": {
        "hoek": "4.x.x"
      }
    },
    "statehood": {
      "version": "5.1.1",
      "resolved": "https://registry.npmjs.org/statehood/-/statehood-5.1.1.tgz",
      "integrity": "sha512-Olto6E5GVQ0/oUzlPKf1ZhjGXKg5x3yb5HwC6/N2NTtKOeLbP9cpdMNUXeTy5wvuNs683j7wWObYXMKpoeB+rQ==",
      "requires": {
        "boom": "5.x.x",
        "bourne": "1.x.x",
        "cryptiles": "3.x.x",
        "hoek": "4.x.x",
        "iron": "4.x.x",
        "items": "2.x.x",
        "joi": "12.x.x"
      }
    },
    "subtext": {
      "version": "5.1.3",
      "resolved": "https://registry.npmjs.org/subtext/-/subtext-5.1.3.tgz",
      "integrity": "sha512-Zg2OnZnkDQr120xaw96FpZeTIlLBZB9JN2nfyzsY42tejbynYLWol/Pgdek26TXA0e24SGUg5yrHu5hKrD3dlw==",
      "requires": {
        "boom": "5.x.x",
        "bourne": "1.x.x",
        "content": "^3.1.1",
        "hoek": "4.x.x",
        "pez": "2.x.x",
        "wreck": "12.x.x"
      }
    },
    "topo": {
      "version": "2.1.1",
      "resolved": "https://registry.npmjs.org/topo/-/topo-2.1.1.tgz",
      "integrity": "sha512-ZPrPP5nwzZy1fw9abHQH2k+YarTgp9UMAztcB3MmlcZSif63Eg+az05p6wTDaZmnqpS3Mk7K+2W60iHarlz8Ug==",
      "requires": {
        "hoek": "4.x.x"
      }
    },
    "vise": {
      "version": "2.1.1",
      "resolved": "https://registry.npmjs.org/vise/-/vise-2.1.1.tgz",
      "integrity": "sha512-R25Ify8nBP/l7EYjwVooexLQQAfpIqR7wusk90b+w3UYybVB96hkFWZUIvIBUC/MgvPRvAEpe3ok8wNKFzsrYA==",
      "requires": {
        "hoek": "4.x.x"
      }
    },
    "wreck": {
      "version": "12.6.2",
      "resolved": "https://registry.npmjs.org/wreck/-/wreck-12.6.2.tgz",
      "integrity": "sha512-0qHxnIOafmlaD+tjXSUxvQ3d8r9KzKgNK0Fa79mxdHjdSijGTHrv8lXNXDR0eRniUZoE8+Fg/xCFijfWamkUgg==",
      "requires": {
        "boom": "5.x.x",
        "hoek": "4.x.x"
      }
    }
  }
}
